
Microsoft Visual Studio Solution File, Format Version 12.00
# Visual Studio Version 17
VisualStudioVersion = 17.14.37411.7 d17.14
MinimumVisualStudioVersion = 10.0.40219.1
Project("{8BC9CEB8-8B4A-11D0-8D11-00A0C91BC942}") = "Wifi_OTA", "Wifi_OTA.vcxproj", "{7D7E4C0A-834F-4895-8E88-047E83EB23CE}"
EndProject
Global
	GlobalSection(SolutionConfigurationPlatforms) = preSolution
		Debug|ARM = Debug|ARM
		Debug|ARM64 = Debug|ARM64
		Debug|x64 = Debug|x64
		Debug|x86 = Debug|x86
		Release|ARM = Release|ARM
		Release|ARM64 = Release|ARM64
		Release|x64 = Release|x64
		Release|x86 = Release|x86
	EndGlobalSection
	GlobalSection(ProjectConfigurationPlatforms) = postSolution
		{7D7E4C0A-834F-4895-8E88-047E83EB23CE}.Debug|ARM.ActiveCfg = Debug|ARM
		{7D7E4C0A-834F-4895-8E88-047E83EB23CE}.Debug|ARM.Build.0 = Debug|ARM
		{7D7E4C0A-834F-4895-8E88-047E83EB23CE}.Debug|ARM.Deploy.0 = Debug|ARM
		{7D7E4C0A-834F-4895-8E88-047E83EB23CE}.Debug|ARM64.ActiveCfg = Debug|ARM64
		{7D7E4C0A-834F-4895-8E88-047E83EB23CE}.Debug|ARM64.Build.0 = Debug|ARM64
		{7D7E4C0A-834F-4895-8E88-047E83EB23CE}.Debug|ARM64.Deploy.0 = Debug|ARM64
		{7D7E4C0A-834F-4895-8E88-047E83EB23CE}.Debug|x64.ActiveCfg = Debug|x64
		{7D7E4C0A-834F-4895-8E88-047E83EB23CE}.Debug|x64.Build.0 = Debug|x64
		{7D7E4C0A-834F-4895-8E88-047E83EB23CE}.Debug|x64.Deploy.0 = Debug|x64
		{7D7E4C0A-834F-4895-8E88-047E83EB23CE}.Debug|x86.ActiveCfg = Debug|x86
		{7D7E4C0A-834F-4895-8E88-047E83EB23CE}.Debug|x86.Build.0 = Debug|x86
		{7D7E4C0A-834F-4895-8E88-047E83EB23CE}.Debug|x86.Deploy.0 = Debug|x86
		{7D7E4C0A-834F-4895-8E88-047E83EB23CE}.Release|ARM.ActiveCfg = Release|ARM
		{7D7E4C0A-834F-4895-8E88-047E83EB23CE}.Release|ARM.Build.0 = Release|ARM
		{7D7E4C0A-834F-4895-8E88-047E83EB23CE}.Release|ARM.Deploy.0 = Release|ARM
		{7D7E4C0A-834F-4895-8E88-047E83EB23CE}.Release|ARM64.ActiveCfg = Release|ARM64
		{7D7E4C0A-834F-4895-8E88-047E83EB23CE}.Release|ARM64.Build.0 = Release|ARM64
		{7D7E4C0A-834F-4895-8E88-047E83EB23CE}.Release|ARM64.Deploy.0 = Release|ARM64
		{7D7E4C0A-834F-4895-8E88-047E83EB23CE}.Release|x64.ActiveCfg = Release|x64
		{7D7E4C0A-834F-4895-8E88-047E83EB23CE}.Release|x64.Build.0 = Release|x64
		{7D7E4C0A-834F-4895-8E88-047E83EB23CE}.Release|x64.Deploy.0 = Release|x64
		{7D7E4C0A-834F-4895-8E88-047E83EB23CE}.Release|x86.ActiveCfg = Release|x86
		{7D7E4C0A-834F-4895-8E88-047E83EB23CE}.Release|x86.Build.0 = Release|x86
		{7D7E4C0A-834F-4895-8E88-047E83EB23CE}.Release|x86.Deploy.0 = Release|x86
	EndGlobalSection
	GlobalSection(SolutionProperties) = preSolution
		HideSolutionNode = FALSE
	EndGlobalSection
	GlobalSection(ExtensibilityGlobals) = postSolution
		SolutionGuid = {BC7ECD60-57AF-4F87-9857-EBDFECBAA5A6}
	EndGlobalSection
EndGlobal
